
Microsoft Visual Studio Solution File, Format Version 12.00
# Visual Studio Version 17
VisualStudioVersion = 17.2.32602.215
MinimumVisualStudioVersion = 10.0.40219.1
Project("{FAE04EC0-301F-11D3-BF4B-00C04F79EFBC}") = "DiscordBot", "DiscordBot\DiscordBot.csproj", "{AF53ABC7-2FA8-4C80-9550-8A88E66B1652}"
EndProject
Global
	GlobalSection(SolutionConfigurationPlatforms) = preSolution
		Debug|Any CPU = Debug|Any CPU
		Release|Any CPU = Release|Any CPU
	EndGlobalSection
	GlobalSection(ProjectConfigurationPlatforms) = postSolution
		{AF53ABC7-2FA8-4C80-9550-8A88E66B1652}.Debug|Any CPU.ActiveCfg = Debug|Any CPU
		{AF53ABC7-2FA8-4C80-9550-8A88E66B1652}.Debug|Any CPU.Build.0 = Debug|Any CPU
		{AF53ABC7-2FA8-4C80-9550-8A88E66B1652}.Release|Any CPU.ActiveCfg = Release|Any CPU
		{AF53ABC7-2FA8-4C80-9550-8A88E66B1652}.Release|Any CPU.Build.0 = Release|Any CPU
	EndGlobalSection
	GlobalSection(SolutionProperties) = preSolution
		HideSolutionNode = FALSE
	EndGlobalSection
	GlobalSection(ExtensibilityGlobals) = postSolution
		SolutionGuid = {2F45B97F-59B9-4AEB-8838-F613E7AD6668}
	EndGlobalSection
EndGlobal
